// !$*UTF8*$!
{
	archiveVersion = 1;
	classes = {
	};
	objectVersion = 56;
	objects = {

/* Begin PBXBuildFile section */
		7EAD37DD291EC2E400BCBE02 /* FormatDisplay.swift in Sources */ = {isa = PBXBuildFile; fileRef = 7EAD37DC291EC2E400BCBE02 /* FormatDisplay.swift */; };
		7EAD37DF291EC2EE00BCBE02 /* UnitExtensions.swift in Sources */ = {isa = PBXBuildFile; fileRef = 7EAD37DE291EC2EE00BCBE02 /* UnitExtensions.swift */; };
		7EAD37E1291EC34A00BCBE02 /* CoreDataStack.swift in Sources */ = {isa = PBXBuildFile; fileRef = 7EAD37E0291EC34A00BCBE02 /* CoreDataStack.swift */; };
		7EAD37E4291EC37F00BCBE02 /* HyprRun.xcdatamodeld in Sources */ = {isa = PBXBuildFile; fileRef = 7EAD37E2291EC37F00BCBE02 /* HyprRun.xcdatamodeld */; };
		7EAD37E6291EC43F00BCBE02 /* LocationManager.swift in Sources */ = {isa = PBXBuildFile; fileRef = 7EAD37E5291EC43F00BCBE02 /* LocationManager.swift */; };
		7EAD37E9291EC51F00BCBE02 /* Route.swift in Sources */ = {isa = PBXBuildFile; fileRef = 7EAD37E8291EC51F00BCBE02 /* Route.swift */; };
		E013DB8729103ED50029093B /* HyprRunApp.swift in Sources */ = {isa = PBXBuildFile; fileRef = E013DB8629103ED50029093B /* HyprRunApp.swift */; };
		E013DB8929103ED50029093B /* ContentView.swift in Sources */ = {isa = PBXBuildFile; fileRef = E013DB8829103ED50029093B /* ContentView.swift */; };
		E013DB8B29103ED60029093B /* Assets.xcassets in Resources */ = {isa = PBXBuildFile; fileRef = E013DB8A29103ED60029093B /* Assets.xcassets */; };
		E013DB8E29103ED60029093B /* Preview Assets.xcassets in Resources */ = {isa = PBXBuildFile; fileRef = E013DB8D29103ED60029093B /* Preview Assets.xcassets */; };
		E013DB99291043440029093B /* SpotifyAPI in Frameworks */ = {isa = PBXBuildFile; productRef = E013DB98291043440029093B /* SpotifyAPI */; };
		E013DB9B291043BC0029093B /* Spotify.swift in Sources */ = {isa = PBXBuildFile; fileRef = E013DB9A291043BC0029093B /* Spotify.swift */; };
		E013DB9E291044820029093B /* KeychainAccess in Frameworks */ = {isa = PBXBuildFile; productRef = E013DB9D291044820029093B /* KeychainAccess */; };
		E02193532918071F00FAF91E /* SelectBoxView.swift in Sources */ = {isa = PBXBuildFile; fileRef = E02193522918071F00FAF91E /* SelectBoxView.swift */; };
		E021935529180A1500FAF91E /* RunView.swift in Sources */ = {isa = PBXBuildFile; fileRef = E021935429180A1500FAF91E /* RunView.swift */; };
		E025E5C02914598300FF1922 /* VibeButtonView.swift in Sources */ = {isa = PBXBuildFile; fileRef = E025E5BF2914598300FF1922 /* VibeButtonView.swift */; };
		E02D56C02914689A004C955C /* PlaylistPreviewView.swift in Sources */ = {isa = PBXBuildFile; fileRef = E02D56BF2914689A004C955C /* PlaylistPreviewView.swift */; };
		E02D56C229146908004C955C /* PlaylistsListView.swift in Sources */ = {isa = PBXBuildFile; fileRef = E02D56C129146908004C955C /* PlaylistsListView.swift */; };
		E02D56C729146ADC004C955C /* PlaylistDeduplicator.swift in Sources */ = {isa = PBXBuildFile; fileRef = E02D56C629146ADC004C955C /* PlaylistDeduplicator.swift */; };
		E02D56C929146D30004C955C /* PlaylistCellView.swift in Sources */ = {isa = PBXBuildFile; fileRef = E02D56C829146D30004C955C /* PlaylistCellView.swift */; };
		E031EEFE291EB14D002B8164 /* SplashView.swift in Sources */ = {isa = PBXBuildFile; fileRef = E031EEFD291EB14D002B8164 /* SplashView.swift */; };
		E06CA5C1291E763B004F0C6D /* SpotifyAPIExtensions.swift in Sources */ = {isa = PBXBuildFile; fileRef = E06CA5C0291E763B004F0C6D /* SpotifyAPIExtensions.swift */; };
		E0B7155F2910455D0037B331 /* LoginView.swift in Sources */ = {isa = PBXBuildFile; fileRef = E0B7155E2910455D0037B331 /* LoginView.swift */; };
		E0B71562291046BF0037B331 /* ImageName.swift in Sources */ = {isa = PBXBuildFile; fileRef = E0B71561291046BF0037B331 /* ImageName.swift */; };
		E0B7156429104AB60037B331 /* AlertItem.swift in Sources */ = {isa = PBXBuildFile; fileRef = E0B7156329104AB60037B331 /* AlertItem.swift */; };
		E0D1ADD4291B522D007B2893 /* TrackView.swift in Sources */ = {isa = PBXBuildFile; fileRef = E0D1ADD3291B522D007B2893 /* TrackView.swift */; };
/* End PBXBuildFile section */

/* Begin PBXFileReference section */
		7EAD37DC291EC2E400BCBE02 /* FormatDisplay.swift */ = {isa = PBXFileReference; lastKnownFileType = sourcecode.swift; path = FormatDisplay.swift; sourceTree = "<group>"; };
		7EAD37DE291EC2EE00BCBE02 /* UnitExtensions.swift */ = {isa = PBXFileReference; lastKnownFileType = sourcecode.swift; path = UnitExtensions.swift; sourceTree = "<group>"; };
		7EAD37E0291EC34A00BCBE02 /* CoreDataStack.swift */ = {isa = PBXFileReference; lastKnownFileType = sourcecode.swift; path = CoreDataStack.swift; sourceTree = "<group>"; };
		7EAD37E3291EC37F00BCBE02 /* HyprRun.xcdatamodel */ = {isa = PBXFileReference; lastKnownFileType = wrapper.xcdatamodel; path = HyprRun.xcdatamodel; sourceTree = "<group>"; };
		7EAD37E5291EC43F00BCBE02 /* LocationManager.swift */ = {isa = PBXFileReference; lastKnownFileType = sourcecode.swift; path = LocationManager.swift; sourceTree = "<group>"; };
		7EAD37E8291EC51F00BCBE02 /* Route.swift */ = {isa = PBXFileReference; lastKnownFileType = sourcecode.swift; path = Route.swift; sourceTree = "<group>"; };
		E013DB8329103ED50029093B /* HyprRun.app */ = {isa = PBXFileReference; explicitFileType = wrapper.application; includeInIndex = 0; path = HyprRun.app; sourceTree = BUILT_PRODUCTS_DIR; };
		E013DB8629103ED50029093B /* HyprRunApp.swift */ = {isa = PBXFileReference; lastKnownFileType = sourcecode.swift; path = HyprRunApp.swift; sourceTree = "<group>"; };
		E013DB8829103ED50029093B /* ContentView.swift */ = {isa = PBXFileReference; lastKnownFileType = sourcecode.swift; path = ContentView.swift; sourceTree = "<group>"; };
		E013DB8A29103ED60029093B /* Assets.xcassets */ = {isa = PBXFileReference; lastKnownFileType = folder.assetcatalog; path = Assets.xcassets; sourceTree = "<group>"; };
		E013DB8D29103ED60029093B /* Preview Assets.xcassets */ = {isa = PBXFileReference; lastKnownFileType = folder.assetcatalog; path = "Preview Assets.xcassets"; sourceTree = "<group>"; };
		E013DB9A291043BC0029093B /* Spotify.swift */ = {isa = PBXFileReference; lastKnownFileType = sourcecode.swift; path = Spotify.swift; sourceTree = "<group>"; };
		E02193522918071F00FAF91E /* SelectBoxView.swift */ = {isa = PBXFileReference; lastKnownFileType = sourcecode.swift; path = SelectBoxView.swift; sourceTree = "<group>"; };
		E021935429180A1500FAF91E /* RunView.swift */ = {isa = PBXFileReference; lastKnownFileType = sourcecode.swift; path = RunView.swift; sourceTree = "<group>"; };
		E025E5BF2914598300FF1922 /* VibeButtonView.swift */ = {isa = PBXFileReference; lastKnownFileType = sourcecode.swift; path = VibeButtonView.swift; sourceTree = "<group>"; };
		E02D56BF2914689A004C955C /* PlaylistPreviewView.swift */ = {isa = PBXFileReference; lastKnownFileType = sourcecode.swift; path = PlaylistPreviewView.swift; sourceTree = "<group>"; };
		E02D56C129146908004C955C /* PlaylistsListView.swift */ = {isa = PBXFileReference; lastKnownFileType = sourcecode.swift; path = PlaylistsListView.swift; sourceTree = "<group>"; };
		E02D56C629146ADC004C955C /* PlaylistDeduplicator.swift */ = {isa = PBXFileReference; lastKnownFileType = sourcecode.swift; path = PlaylistDeduplicator.swift; sourceTree = "<group>"; };
		E02D56C829146D30004C955C /* PlaylistCellView.swift */ = {isa = PBXFileReference; lastKnownFileType = sourcecode.swift; path = PlaylistCellView.swift; sourceTree = "<group>"; };
		E031EEFD291EB14D002B8164 /* SplashView.swift */ = {isa = PBXFileReference; lastKnownFileType = sourcecode.swift; path = SplashView.swift; sourceTree = "<group>"; };
		E06CA5C0291E763B004F0C6D /* SpotifyAPIExtensions.swift */ = {isa = PBXFileReference; lastKnownFileType = sourcecode.swift; path = SpotifyAPIExtensions.swift; sourceTree = "<group>"; };
		E0B7155E2910455D0037B331 /* LoginView.swift */ = {isa = PBXFileReference; lastKnownFileType = sourcecode.swift; path = LoginView.swift; sourceTree = "<group>"; };
		E0B71561291046BF0037B331 /* ImageName.swift */ = {isa = PBXFileReference; lastKnownFileType = sourcecode.swift; path = ImageName.swift; sourceTree = "<group>"; };
		E0B7156329104AB60037B331 /* AlertItem.swift */ = {isa = PBXFileReference; lastKnownFileType = sourcecode.swift; path = AlertItem.swift; sourceTree = "<group>"; };
		E0D1ADD3291B522D007B2893 /* TrackView.swift */ = {isa = PBXFileReference; lastKnownFileType = sourcecode.swift; path = TrackView.swift; sourceTree = "<group>"; };
		E0D55EBD2910660600EC755E /* Info.plist */ = {isa = PBXFileReference; lastKnownFileType = text.plist; path = Info.plist; sourceTree = "<group>"; };
/* End PBXFileReference section */

/* Begin PBXFrameworksBuildPhase section */
		E013DB8029103ED50029093B /* Frameworks */ = {
			isa = PBXFrameworksBuildPhase;
			buildActionMask = 2147483647;
			files = (
				E013DB9E291044820029093B /* KeychainAccess in Frameworks */,
				E013DB99291043440029093B /* SpotifyAPI in Frameworks */,
			);
			runOnlyForDeploymentPostprocessing = 0;
		};
/* End PBXFrameworksBuildPhase section */

/* Begin PBXGroup section */
		7EAD37E7291EC50E00BCBE02 /* ViewRouter */ = {
			isa = PBXGroup;
			children = (
				7EAD37E8291EC51F00BCBE02 /* Route.swift */,
			);
			path = ViewRouter;
			sourceTree = "<group>";
		};
		E013DB7A29103ED50029093B = {
			isa = PBXGroup;
			children = (
				E013DB8529103ED50029093B /* HyprRun */,
				E013DB8429103ED50029093B /* Products */,
			);
			sourceTree = "<group>";
		};
		E013DB8429103ED50029093B /* Products */ = {
			isa = PBXGroup;
			children = (
				E013DB8329103ED50029093B /* HyprRun.app */,
			);
			name = Products;
			sourceTree = "<group>";
		};
		E013DB8529103ED50029093B /* HyprRun */ = {
			isa = PBXGroup;
			children = (
				E0D55EBD2910660600EC755E /* Info.plist */,
				E0B71560291046AA0037B331 /* Project Utilities */,
				E013DB8629103ED50029093B /* HyprRunApp.swift */,
				E013DB95291042390029093B /* Views */,
				7EAD37E7291EC50E00BCBE02 /* ViewRouter */,
				E013DB94291041F30029093B /* Models */,
				E013DB8A29103ED60029093B /* Assets.xcassets */,
				E013DB8C29103ED60029093B /* Preview Content */,
			);
			path = HyprRun;
			sourceTree = "<group>";
		};
		E013DB8C29103ED60029093B /* Preview Content */ = {
			isa = PBXGroup;
			children = (
				E013DB8D29103ED60029093B /* Preview Assets.xcassets */,
			);
			path = "Preview Content";
			sourceTree = "<group>";
		};
		E013DB94291041F30029093B /* Models */ = {
			isa = PBXGroup;
			children = (
				E013DB9A291043BC0029093B /* Spotify.swift */,
				E02D56C629146ADC004C955C /* PlaylistDeduplicator.swift */,
			);
			path = Models;
			sourceTree = "<group>";
		};
		E013DB95291042390029093B /* Views */ = {
			isa = PBXGroup;
			children = (
				E013DB8829103ED50029093B /* ContentView.swift */,
				E0B7155E2910455D0037B331 /* LoginView.swift */,
				E025E5BF2914598300FF1922 /* VibeButtonView.swift */,
				E02D56BF2914689A004C955C /* PlaylistPreviewView.swift */,
				E02193522918071F00FAF91E /* SelectBoxView.swift */,
				E02D56C32914698B004C955C /* Playlist Views */,
				E021935429180A1500FAF91E /* RunView.swift */,
				E0D1ADD3291B522D007B2893 /* TrackView.swift */,
				E031EEFD291EB14D002B8164 /* SplashView.swift */,
			);
			path = Views;
			sourceTree = "<group>";
		};
		E02D56C32914698B004C955C /* Playlist Views */ = {
			isa = PBXGroup;
			children = (
				E02D56C129146908004C955C /* PlaylistsListView.swift */,
				E02D56C829146D30004C955C /* PlaylistCellView.swift */,
			);
			path = "Playlist Views";
			sourceTree = "<group>";
		};
		E0B71560291046AA0037B331 /* Project Utilities */ = {
			isa = PBXGroup;
			children = (
				E0B71561291046BF0037B331 /* ImageName.swift */,
				E0B7156329104AB60037B331 /* AlertItem.swift */,
				E06CA5C0291E763B004F0C6D /* SpotifyAPIExtensions.swift */,
				7EAD37E5291EC43F00BCBE02 /* LocationManager.swift */,
				7EAD37DC291EC2E400BCBE02 /* FormatDisplay.swift */,
				7EAD37DE291EC2EE00BCBE02 /* UnitExtensions.swift */,
				7EAD37E0291EC34A00BCBE02 /* CoreDataStack.swift */,
				7EAD37E2291EC37F00BCBE02 /* HyprRun.xcdatamodeld */,
			);
			path = "Project Utilities";
			sourceTree = "<group>";
		};
/* End PBXGroup section */

/* Begin PBXNativeTarget section */
		E013DB8229103ED50029093B /* HyprRun */ = {
			isa = PBXNativeTarget;
			buildConfigurationList = E013DB9129103ED60029093B /* Build configuration list for PBXNativeTarget "HyprRun" */;
			buildPhases = (
				E013DB7F29103ED50029093B /* Sources */,
				E013DB8029103ED50029093B /* Frameworks */,
				E013DB8129103ED50029093B /* Resources */,
			);
			buildRules = (
			);
			dependencies = (
			);
			name = HyprRun;
			packageProductDependencies = (
				E013DB98291043440029093B /* SpotifyAPI */,
				E013DB9D291044820029093B /* KeychainAccess */,
			);
			productName = HyprRun;
			productReference = E013DB8329103ED50029093B /* HyprRun.app */;
			productType = "com.apple.product-type.application";
		};
/* End PBXNativeTarget section */

/* Begin PBXProject section */
		E013DB7B29103ED50029093B /* Project object */ = {
			isa = PBXProject;
			attributes = {
				BuildIndependentTargetsInParallel = 1;
				LastSwiftUpdateCheck = 1400;
				LastUpgradeCheck = 1400;
				TargetAttributes = {
					E013DB8229103ED50029093B = {
						CreatedOnToolsVersion = 14.0.1;
					};
				};
			};
			buildConfigurationList = E013DB7E29103ED50029093B /* Build configuration list for PBXProject "HyprRun" */;
			compatibilityVersion = "Xcode 14.0";
			developmentRegion = en;
			hasScannedForEncodings = 0;
			knownRegions = (
				en,
				Base,
			);
			mainGroup = E013DB7A29103ED50029093B;
			packageReferences = (
				E013DB97291043440029093B /* XCRemoteSwiftPackageReference "SpotifyAPI" */,
				E013DB9C291044820029093B /* XCRemoteSwiftPackageReference "KeychainAccess" */,
			);
			productRefGroup = E013DB8429103ED50029093B /* Products */;
			projectDirPath = "";
			projectRoot = "";
			targets = (
				E013DB8229103ED50029093B /* HyprRun */,
			);
		};
/* End PBXProject section */

/* Begin PBXResourcesBuildPhase section */
		E013DB8129103ED50029093B /* Resources */ = {
			isa = PBXResourcesBuildPhase;
			buildActionMask = 2147483647;
			files = (
				E013DB8E29103ED60029093B /* Preview Assets.xcassets in Resources */,
				E013DB8B29103ED60029093B /* Assets.xcassets in Resources */,
			);
			runOnlyForDeploymentPostprocessing = 0;
		};
/* End PBXResourcesBuildPhase section */

/* Begin PBXSourcesBuildPhase section */
		E013DB7F29103ED50029093B /* Sources */ = {
			isa = PBXSourcesBuildPhase;
			buildActionMask = 2147483647;
			files = (
				E013DB9B291043BC0029093B /* Spotify.swift in Sources */,
				E031EEFE291EB14D002B8164 /* SplashView.swift in Sources */,
				E02D56C929146D30004C955C /* PlaylistCellView.swift in Sources */,
				E06CA5C1291E763B004F0C6D /* SpotifyAPIExtensions.swift in Sources */,
				E0D1ADD4291B522D007B2893 /* TrackView.swift in Sources */,
				E025E5C02914598300FF1922 /* VibeButtonView.swift in Sources */,
				E021935529180A1500FAF91E /* RunView.swift in Sources */,
				7EAD37DF291EC2EE00BCBE02 /* UnitExtensions.swift in Sources */,
				7EAD37E1291EC34A00BCBE02 /* CoreDataStack.swift in Sources */,
				E0B7156429104AB60037B331 /* AlertItem.swift in Sources */,
				E02D56C229146908004C955C /* PlaylistsListView.swift in Sources */,
				E02D56C02914689A004C955C /* PlaylistPreviewView.swift in Sources */,
				E0B71562291046BF0037B331 /* ImageName.swift in Sources */,
				7EAD37E9291EC51F00BCBE02 /* Route.swift in Sources */,
				E02D56C729146ADC004C955C /* PlaylistDeduplicator.swift in Sources */,
				E02193532918071F00FAF91E /* SelectBoxView.swift in Sources */,
				E013DB8929103ED50029093B /* ContentView.swift in Sources */,
				7EAD37E4291EC37F00BCBE02 /* HyprRun.xcdatamodeld in Sources */,
				7EAD37E6291EC43F00BCBE02 /* LocationManager.swift in Sources */,
				7EAD37DD291EC2E400BCBE02 /* FormatDisplay.swift in Sources */,
				E0B7155F2910455D0037B331 /* LoginView.swift in Sources */,
				E013DB8729103ED50029093B /* HyprRunApp.swift in Sources */,
			);
			runOnlyForDeploymentPostprocessing = 0;
		};
/* End PBXSourcesBuildPhase section */

/* Begin XCBuildConfiguration section */
		E013DB8F29103ED60029093B /* Debug */ = {
			isa = XCBuildConfiguration;
			buildSettings = {
				ALWAYS_SEARCH_USER_PATHS = NO;
				CLANG_ANALYZER_NONNULL = YES;
				CLANG_ANALYZER_NUMBER_OBJECT_CONVERSION = YES_AGGRESSIVE;
				CLANG_CXX_LANGUAGE_STANDARD = "gnu++20";
				CLANG_ENABLE_MODULES = YES;
				CLANG_ENABLE_OBJC_ARC = YES;
				CLANG_ENABLE_OBJC_WEAK = YES;
				CLANG_WARN_BLOCK_CAPTURE_AUTORELEASING = YES;
				CLANG_WARN_BOOL_CONVERSION = YES;
				CLANG_WARN_COMMA = YES;
				CLANG_WARN_CONSTANT_CONVERSION = YES;
				CLANG_WARN_DEPRECATED_OBJC_IMPLEMENTATIONS = YES;
				CLANG_WARN_DIRECT_OBJC_ISA_USAGE = YES_ERROR;
				CLANG_WARN_DOCUMENTATION_COMMENTS = YES;
				CLANG_WARN_EMPTY_BODY = YES;
				CLANG_WARN_ENUM_CONVERSION = YES;
				CLANG_WARN_INFINITE_RECURSION = YES;
				CLANG_WARN_INT_CONVERSION = YES;
				CLANG_WARN_NON_LITERAL_NULL_CONVERSION = YES;
				CLANG_WARN_OBJC_IMPLICIT_RETAIN_SELF = YES;
				CLANG_WARN_OBJC_LITERAL_CONVERSION = YES;
				CLANG_WARN_OBJC_ROOT_CLASS = YES_ERROR;
				CLANG_WARN_QUOTED_INCLUDE_IN_FRAMEWORK_HEADER = YES;
				CLANG_WARN_RANGE_LOOP_ANALYSIS = YES;
				CLANG_WARN_STRICT_PROTOTYPES = YES;
				CLANG_WARN_SUSPICIOUS_MOVE = YES;
				CLANG_WARN_UNGUARDED_AVAILABILITY = YES_AGGRESSIVE;
				CLANG_WARN_UNREACHABLE_CODE = YES;
				CLANG_WARN__DUPLICATE_METHOD_MATCH = YES;
				COPY_PHASE_STRIP = NO;
				DEBUG_INFORMATION_FORMAT = dwarf;
				ENABLE_STRICT_OBJC_MSGSEND = YES;
				ENABLE_TESTABILITY = YES;
				GCC_C_LANGUAGE_STANDARD = gnu11;
				GCC_DYNAMIC_NO_PIC = NO;
				GCC_NO_COMMON_BLOCKS = YES;
				GCC_OPTIMIZATION_LEVEL = 0;
				GCC_PREPROCESSOR_DEFINITIONS = (
					"DEBUG=1",
					"$(inherited)",
				);
				GCC_WARN_64_TO_32_BIT_CONVERSION = YES;
				GCC_WARN_ABOUT_RETURN_TYPE = YES_ERROR;
				GCC_WARN_UNDECLARED_SELECTOR = YES;
				GCC_WARN_UNINITIALIZED_AUTOS = YES_AGGRESSIVE;
				GCC_WARN_UNUSED_FUNCTION = YES;
				GCC_WARN_UNUSED_VARIABLE = YES;
				IPHONEOS_DEPLOYMENT_TARGET = 16.0;
				MTL_ENABLE_DEBUG_INFO = INCLUDE_SOURCE;
				MTL_FAST_MATH = YES;
				ONLY_ACTIVE_ARCH = YES;
				SDKROOT = iphoneos;
				SWIFT_ACTIVE_COMPILATION_CONDITIONS = DEBUG;
				SWIFT_OPTIMIZATION_LEVEL = "-Onone";
			};
			name = Debug;
		};
		E013DB9029103ED60029093B /* Release */ = {
			isa = XCBuildConfiguration;
			buildSettings = {
				ALWAYS_SEARCH_USER_PATHS = NO;
				CLANG_ANALYZER_NONNULL = YES;
				CLANG_ANALYZER_NUMBER_OBJECT_CONVERSION = YES_AGGRESSIVE;
				CLANG_CXX_LANGUAGE_STANDARD = "gnu++20";
				CLANG_ENABLE_MODULES = YES;
				CLANG_ENABLE_OBJC_ARC = YES;
				CLANG_ENABLE_OBJC_WEAK = YES;
				CLANG_WARN_BLOCK_CAPTURE_AUTORELEASING = YES;
				CLANG_WARN_BOOL_CONVERSION = YES;
				CLANG_WARN_COMMA = YES;
				CLANG_WARN_CONSTANT_CONVERSION = YES;
				CLANG_WARN_DEPRECATED_OBJC_IMPLEMENTATIONS = YES;
				CLANG_WARN_DIRECT_OBJC_ISA_USAGE = YES_ERROR;
				CLANG_WARN_DOCUMENTATION_COMMENTS = YES;
				CLANG_WARN_EMPTY_BODY = YES;
				CLANG_WARN_ENUM_CONVERSION = YES;
				CLANG_WARN_INFINITE_RECURSION = YES;
				CLANG_WARN_INT_CONVERSION = YES;
				CLANG_WARN_NON_LITERAL_NULL_CONVERSION = YES;
				CLANG_WARN_OBJC_IMPLICIT_RETAIN_SELF = YES;
				CLANG_WARN_OBJC_LITERAL_CONVERSION = YES;
				CLANG_WARN_OBJC_ROOT_CLASS = YES_ERROR;
				CLANG_WARN_QUOTED_INCLUDE_IN_FRAMEWORK_HEADER = YES;
				CLANG_WARN_RANGE_LOOP_ANALYSIS = YES;
				CLANG_WARN_STRICT_PROTOTYPES = YES;
				CLANG_WARN_SUSPICIOUS_MOVE = YES;
				CLANG_WARN_UNGUARDED_AVAILABILITY = YES_AGGRESSIVE;
				CLANG_WARN_UNREACHABLE_CODE = YES;
				CLANG_WARN__DUPLICATE_METHOD_MATCH = YES;
				COPY_PHASE_STRIP = NO;
				DEBUG_INFORMATION_FORMAT = "dwarf-with-dsym";
				ENABLE_NS_ASSERTIONS = NO;
				ENABLE_STRICT_OBJC_MSGSEND = YES;
				GCC_C_LANGUAGE_STANDARD = gnu11;
				GCC_NO_COMMON_BLOCKS = YES;
				GCC_WARN_64_TO_32_BIT_CONVERSION = YES;
				GCC_WARN_ABOUT_RETURN_TYPE = YES_ERROR;
				GCC_WARN_UNDECLARED_SELECTOR = YES;
				GCC_WARN_UNINITIALIZED_AUTOS = YES_AGGRESSIVE;
				GCC_WARN_UNUSED_FUNCTION = YES;
				GCC_WARN_UNUSED_VARIABLE = YES;
				IPHONEOS_DEPLOYMENT_TARGET = 16.0;
				MTL_ENABLE_DEBUG_INFO = NO;
				MTL_FAST_MATH = YES;
				SDKROOT = iphoneos;
				SWIFT_COMPILATION_MODE = wholemodule;
				SWIFT_OPTIMIZATION_LEVEL = "-O";
				VALIDATE_PRODUCT = YES;
			};
			name = Release;
		};
		E013DB9229103ED60029093B /* Debug */ = {
			isa = XCBuildConfiguration;
			buildSettings = {
				ASSETCATALOG_COMPILER_APPICON_NAME = AppIcon;
				ASSETCATALOG_COMPILER_GLOBAL_ACCENT_COLOR_NAME = AccentColor;
				CODE_SIGN_STYLE = Automatic;
				CURRENT_PROJECT_VERSION = 1;
				DEVELOPMENT_ASSET_PATHS = "\"HyprRun/Preview Content\"";
				DEVELOPMENT_TEAM = PXK4UD2AGP;
				ENABLE_PREVIEWS = YES;
				GENERATE_INFOPLIST_FILE = YES;
				INFOPLIST_FILE = HyprRun/Info.plist;
				INFOPLIST_KEY_UIApplicationSceneManifest_Generation = YES;
				INFOPLIST_KEY_UIApplicationSupportsIndirectInputEvents = YES;
				INFOPLIST_KEY_UILaunchScreen_Generation = YES;
				INFOPLIST_KEY_UISupportedInterfaceOrientations_iPad = "UIInterfaceOrientationPortrait UIInterfaceOrientationPortraitUpsideDown UIInterfaceOrientationLandscapeLeft UIInterfaceOrientationLandscapeRight";
				INFOPLIST_KEY_UISupportedInterfaceOrientations_iPhone = "UIInterfaceOrientationPortrait UIInterfaceOrientationLandscapeLeft UIInterfaceOrientationLandscapeRight";
				LD_RUNPATH_SEARCH_PATHS = (
					"$(inherited)",
					"@executable_path/Frameworks",
				);
				MARKETING_VERSION = 1.0;
				PRODUCT_BUNDLE_IDENTIFIER = "-7443.HyprRun";
				PRODUCT_NAME = "$(TARGET_NAME)";
				SWIFT_EMIT_LOC_STRINGS = YES;
				SWIFT_VERSION = 5.0;
				TARGETED_DEVICE_FAMILY = "1,2";
			};
			name = Debug;
		};
		E013DB9329103ED60029093B /* Release */ = {
			isa = XCBuildConfiguration;
			buildSettings = {
				ASSETCATALOG_COMPILER_APPICON_NAME = AppIcon;
				ASSETCATALOG_COMPILER_GLOBAL_ACCENT_COLOR_NAME = AccentColor;
				CODE_SIGN_STYLE = Automatic;
				CURRENT_PROJECT_VERSION = 1;
				DEVELOPMENT_ASSET_PATHS = "\"HyprRun/Preview Content\"";
				DEVELOPMENT_TEAM = PXK4UD2AGP;
				ENABLE_PREVIEWS = YES;
				GENERATE_INFOPLIST_FILE = YES;
				INFOPLIST_FILE = HyprRun/Info.plist;
				INFOPLIST_KEY_UIApplicationSceneManifest_Generation = YES;
				INFOPLIST_KEY_UIApplicationSupportsIndirectInputEvents = YES;
				INFOPLIST_KEY_UILaunchScreen_Generation = YES;
				INFOPLIST_KEY_UISupportedInterfaceOrientations_iPad = "UIInterfaceOrientationPortrait UIInterfaceOrientationPortraitUpsideDown UIInterfaceOrientationLandscapeLeft UIInterfaceOrientationLandscapeRight";
				INFOPLIST_KEY_UISupportedInterfaceOrientations_iPhone = "UIInterfaceOrientationPortrait UIInterfaceOrientationLandscapeLeft UIInterfaceOrientationLandscapeRight";
				LD_RUNPATH_SEARCH_PATHS = (
					"$(inherited)",
					"@executable_path/Frameworks",
				);
				MARKETING_VERSION = 1.0;
				PRODUCT_BUNDLE_IDENTIFIER = "-7443.HyprRun";
				PRODUCT_NAME = "$(TARGET_NAME)";
				SWIFT_EMIT_LOC_STRINGS = YES;
				SWIFT_VERSION = 5.0;
				TARGETED_DEVICE_FAMILY = "1,2";
			};
			name = Release;
		};
/* End XCBuildConfiguration section */

/* Begin XCConfigurationList section */
		E013DB7E29103ED50029093B /* Build configuration list for PBXProject "HyprRun" */ = {
			isa = XCConfigurationList;
			buildConfigurations = (
				E013DB8F29103ED60029093B /* Debug */,
				E013DB9029103ED60029093B /* Release */,
			);
			defaultConfigurationIsVisible = 0;
			defaultConfigurationName = Release;
		};
		E013DB9129103ED60029093B /* Build configuration list for PBXNativeTarget "HyprRun" */ = {
			isa = XCConfigurationList;
			buildConfigurations = (
				E013DB9229103ED60029093B /* Debug */,
				E013DB9329103ED60029093B /* Release */,
			);
			defaultConfigurationIsVisible = 0;
			defaultConfigurationName = Release;
		};
/* End XCConfigurationList section */

/* Begin XCRemoteSwiftPackageReference section */
		E013DB97291043440029093B /* XCRemoteSwiftPackageReference "SpotifyAPI" */ = {
			isa = XCRemoteSwiftPackageReference;
			repositoryURL = "https://github.com/Peter-Schorn/SpotifyAPI.git";
			requirement = {
				kind = upToNextMajorVersion;
				minimumVersion = 2.0.0;
			};
		};
		E013DB9C291044820029093B /* XCRemoteSwiftPackageReference "KeychainAccess" */ = {
			isa = XCRemoteSwiftPackageReference;
			repositoryURL = "https://github.com/kishikawakatsumi/KeychainAccess";
			requirement = {
				branch = master;
				kind = branch;
			};
		};
/* End XCRemoteSwiftPackageReference section */

/* Begin XCSwiftPackageProductDependency section */
		E013DB98291043440029093B /* SpotifyAPI */ = {
			isa = XCSwiftPackageProductDependency;
			package = E013DB97291043440029093B /* XCRemoteSwiftPackageReference "SpotifyAPI" */;
			productName = SpotifyAPI;
		};
		E013DB9D291044820029093B /* KeychainAccess */ = {
			isa = XCSwiftPackageProductDependency;
			package = E013DB9C291044820029093B /* XCRemoteSwiftPackageReference "KeychainAccess" */;
			productName = KeychainAccess;
		};
/* End XCSwiftPackageProductDependency section */

/* Begin XCVersionGroup section */
		7EAD37E2291EC37F00BCBE02 /* HyprRun.xcdatamodeld */ = {
			isa = XCVersionGroup;
			children = (
				7EAD37E3291EC37F00BCBE02 /* HyprRun.xcdatamodel */,
			);
			currentVersion = 7EAD37E3291EC37F00BCBE02 /* HyprRun.xcdatamodel */;
			path = HyprRun.xcdatamodeld;
			sourceTree = "<group>";
			versionGroupType = wrapper.xcdatamodel;
		};
/* End XCVersionGroup section */
	};
	rootObject = E013DB7B29103ED50029093B /* Project object */;
}
